
Microsoft Visual Studio Solution File, Format Version 12.00
# Visual Studio Version 16
VisualStudioVersion = 16.0.32510.428
MinimumVisualStudioVersion = 10.0.40219.1
Project("{FAE04EC0-301F-11D3-BF4B-00C04F79EFBC}") = "andresflorez.hotel.api", "andresflorez.hotel\andresflorez.hotel.api.csproj", "{C8DBB6DA-C4B6-47E6-BC07-E01194D8325E}"
EndProject
Project("{FAE04EC0-301F-11D3-BF4B-00C04F79EFBC}") = "andresflorez.hotel.modelo", "andresflorez.hotel.modelo\andresflorez.hotel.modelo.csproj", "{07B6D93A-EBA5-499A-9E7E-3C655D6A2713}"
EndProject
Global
	GlobalSection(SolutionConfigurationPlatforms) = preSolution
		Debug|Any CPU = Debug|Any CPU
		Release|Any CPU = Release|Any CPU
	EndGlobalSection
	GlobalSection(ProjectConfigurationPlatforms) = postSolution
		{C8DBB6DA-C4B6-47E6-BC07-E01194D8325E}.Debug|Any CPU.ActiveCfg = Debug|Any CPU
		{C8DBB6DA-C4B6-47E6-BC07-E01194D8325E}.Debug|Any CPU.Build.0 = Debug|Any CPU
		{C8DBB6DA-C4B6-47E6-BC07-E01194D8325E}.Release|Any CPU.ActiveCfg = Release|Any CPU
		{C8DBB6DA-C4B6-47E6-BC07-E01194D8325E}.Release|Any CPU.Build.0 = Release|Any CPU
		{07B6D93A-EBA5-499A-9E7E-3C655D6A2713}.Debug|Any CPU.ActiveCfg = Debug|Any CPU
		{07B6D93A-EBA5-499A-9E7E-3C655D6A2713}.Debug|Any CPU.Build.0 = Debug|Any CPU
		{07B6D93A-EBA5-499A-9E7E-3C655D6A2713}.Release|Any CPU.ActiveCfg = Release|Any CPU
		{07B6D93A-EBA5-499A-9E7E-3C655D6A2713}.Release|Any CPU.Build.0 = Release|Any CPU
	EndGlobalSection
	GlobalSection(SolutionProperties) = preSolution
		HideSolutionNode = FALSE
	EndGlobalSection
	GlobalSection(ExtensibilityGlobals) = postSolution
		SolutionGuid = {7E1399B8-A6E9-4540-ADE9-0BD79310DD5B}
	EndGlobalSection
EndGlobal
